
Microsoft Visual Studio Solution File, Format Version 11.00
# Visual Studio 2010
Project("{FAE04EC0-301F-11D3-BF4B-00C04F79EFBC}") = "BodilyInfection", "BodilyInfection\BodilyInfection\BodilyInfection.csproj", "{27322453-87BE-4C12-9626-B43B92AA692E}"
EndProject
Project("{FAE04EC0-301F-11D3-BF4B-00C04F79EFBC}") = "BodilyInfectionContent", "BodilyInfection\BodilyInfectionContent\BodilyInfectionContent.contentproj", "{36615B70-F4BA-41E9-A38A-2836EDD4D596}"
EndProject
Project("{2150E333-8FDC-42A3-9474-1A3956D46DE8}") = "Solution Items", "Solution Items", "{0359A56D-954E-4D73-9C6F-6E54FC6EA838}"
	ProjectSection(SolutionItems) = preProject
		BodilyInfection.vsmdi = BodilyInfection.vsmdi
		Local.testsettings = Local.testsettings
		TraceAndTestImpact.testsettings = TraceAndTestImpact.testsettings
	EndProjectSection
EndProject
Global
	GlobalSection(TestCaseManagementSettings) = postSolution
		CategoryFile = BodilyInfection.vsmdi
	EndGlobalSection
	GlobalSection(SolutionConfigurationPlatforms) = preSolution
		Debug|Any CPU = Debug|Any CPU
		Debug|Mixed Platforms = Debug|Mixed Platforms
		Debug|x86 = Debug|x86
		Debug|Xbox 360 = Debug|Xbox 360
		Release|Any CPU = Release|Any CPU
		Release|Mixed Platforms = Release|Mixed Platforms
		Release|x86 = Release|x86
		Release|Xbox 360 = Release|Xbox 360
	EndGlobalSection
	GlobalSection(ProjectConfigurationPlatforms) = postSolution
		{27322453-87BE-4C12-9626-B43B92AA692E}.Debug|Any CPU.ActiveCfg = Debug|x86
		{27322453-87BE-4C12-9626-B43B92AA692E}.Debug|Mixed Platforms.ActiveCfg = Debug|x86
		{27322453-87BE-4C12-9626-B43B92AA692E}.Debug|Mixed Platforms.Build.0 = Debug|x86
		{27322453-87BE-4C12-9626-B43B92AA692E}.Debug|x86.ActiveCfg = Debug|x86
		{27322453-87BE-4C12-9626-B43B92AA692E}.Debug|x86.Build.0 = Debug|x86
		{27322453-87BE-4C12-9626-B43B92AA692E}.Debug|Xbox 360.ActiveCfg = Debug|x86
		{27322453-87BE-4C12-9626-B43B92AA692E}.Debug|Xbox 360.Build.0 = Debug|x86
		{27322453-87BE-4C12-9626-B43B92AA692E}.Release|Any CPU.ActiveCfg = Release|x86
		{27322453-87BE-4C12-9626-B43B92AA692E}.Release|Mixed Platforms.ActiveCfg = Release|x86
		{27322453-87BE-4C12-9626-B43B92AA692E}.Release|Mixed Platforms.Build.0 = Release|x86
		{27322453-87BE-4C12-9626-B43B92AA692E}.Release|x86.ActiveCfg = Release|x86
		{27322453-87BE-4C12-9626-B43B92AA692E}.Release|x86.Build.0 = Release|x86
		{27322453-87BE-4C12-9626-B43B92AA692E}.Release|Xbox 360.ActiveCfg = Release|x86
		{27322453-87BE-4C12-9626-B43B92AA692E}.Release|Xbox 360.Build.0 = Release|x86
		{36615B70-F4BA-41E9-A38A-2836EDD4D596}.Debug|Any CPU.ActiveCfg = Debug|x86
		{36615B70-F4BA-41E9-A38A-2836EDD4D596}.Debug|Mixed Platforms.ActiveCfg = Debug|x86
		{36615B70-F4BA-41E9-A38A-2836EDD4D596}.Debug|x86.ActiveCfg = Debug|x86
		{36615B70-F4BA-41E9-A38A-2836EDD4D596}.Debug|Xbox 360.ActiveCfg = Debug|x86
		{36615B70-F4BA-41E9-A38A-2836EDD4D596}.Release|Any CPU.ActiveCfg = Release|x86
		{36615B70-F4BA-41E9-A38A-2836EDD4D596}.Release|Mixed Platforms.ActiveCfg = Release|x86
		{36615B70-F4BA-41E9-A38A-2836EDD4D596}.Release|x86.ActiveCfg = Release|x86
		{36615B70-F4BA-41E9-A38A-2836EDD4D596}.Release|Xbox 360.ActiveCfg = Release|x86
	EndGlobalSection
	GlobalSection(SolutionProperties) = preSolution
		HideSolutionNode = FALSE
	EndGlobalSection
EndGlobal
